{
  "nodes": {
    "home-manager": {
      "inputs": {
        "nixpkgs": [
          "nixpkgs"
        ]
      },
      "locked": {
        "lastModified": 1768434960,
        "narHash": "sha256-cJbFn17oyg6qAraLr+NVeNJrXsrzJdrudkzI4H2iTcg=",
        "owner": "nix-community",
        "repo": "home-manager",
        "rev": "b4d88c9ac42ae1a745283f6547701da43b6e9f9b",
        "type": "github"
      },
      "original": {
        "owner": "nix-community",
        "repo": "home-manager",
        "type": "github"
      }
    },
    "nixpkgs": {
      "locked": {
        "lastModified": 1768305791,
        "narHash": "sha256-AIdl6WAn9aymeaH/NvBj0H9qM+XuAuYbGMZaP0zcXAQ=",
        "owner": "NixOS",
        "repo": "nixpkgs",
        "rev": "1412caf7bf9e660f2f962917c14b1ea1c3bc695e",
        "type": "github"
      },
      "original": {
        "owner": "NixOS",
        "ref": "nixos-unstable",
        "repo": "nixpkgs",
        "type": "github"
      }
    },
    "nixpkgs_2": {
      "locked": {
        "lastModified": 1768032153,
        "narHash": "sha256-6kD1MdY9fsE6FgSwdnx29hdH2UcBKs3/+JJleMShuJg=",
        "owner": "NixOS",
        "repo": "nixpkgs",
        "rev": "3146c6aa9995e7351a398e17470e15305e6e18ff",
        "type": "github"
      },
      "original": {
        "owner": "NixOS",
        "ref": "nixpkgs-unstable",
        "repo": "nixpkgs",
        "type": "github"
      }
    },
    "root": {
      "inputs": {
        "home-manager": "home-manager",
        "nixpkgs": "nixpkgs",
        "sops-nix": "sops-nix"
      }
    },
    "sops-nix": {
      "inputs": {
        "nixpkgs": "nixpkgs_2"
      },
      "locked": {
        "lastModified": 1768271704,
        "narHash": "sha256-jJqlW8A3OZ5tYbXphF7U8P8g/3Cn8PPwPa4YlJ/9agg=",
        "owner": "Mic92",
        "repo": "sops-nix",
        "rev": "691b8b6713855d0fe463993867291c158472fc6f",
        "type": "github"
      },
      "original": {
        "owner": "Mic92",
        "repo": "sops-nix",
        "type": "github"
      }
    }
  },
  "root": "root",
  "version": 7
}
